Microsoft Visual Studio Solution File, Format Version 12.00
# Visual Studio Version 17
VisualStudioVersion = 17.0.31903.59
MinimumVisualStudioVersion = 10.0.40219.1
Project("{2150E333-8FDC-42A3-9474-1A3956D46DE8}") = "src", "src", "{827E0CD3-B72D-47B6-A68D-7590B98EB39B}"
EndProject
Project("{2150E333-8FDC-42A3-9474-1A3956D46DE8}") = "backend", "backend", "{FE360695-3F2B-1049-3887-35FBB5135923}"
EndProject
Project("{FAE04EC0-301F-11D3-BF4B-00C04F79EFBC}") = "Ojala.Api", "src\backend\Ojala.Api\Ojala.Api.csproj", "{A12E34BC-5678-1234-ABCD-7890EF123456}"
EndProject
Project("{FAE04EC0-301F-11D3-BF4B-00C04F79EFBC}") = "Ojala.Identity", "src\backend\Ojala.Identity\Ojala.Identity.csproj", "{B23F45CD-6789-2345-BCDE-8901FA234567}"
EndProject
Project("{FAE04EC0-301F-11D3-BF4B-00C04F79EFBC}") = "Ojala.HealthScore", "src\backend\Ojala.HealthScore\Ojala.HealthScore.csproj", "{44C5999F-B86D-4CEA-B2EE-A419F1E7534D}"
EndProject
Project("{FAE04EC0-301F-11D3-BF4B-00C04F79EFBC}") = "Ojala.ApiGateway", "src\backend\Ojala.ApiGateway\Ojala.ApiGateway.csproj", "{D45A67EF-890A-3456-CDEF-0123FB345678}"
EndProject
Project("{FAE04EC0-301F-11D3-BF4B-00C04F79EFBC}") = "Ojala.Services", "src\backend\Ojala.Services\Ojala.Services.csproj", "{166D2B1D-D940-44DF-ABC9-367ABFA903A9}"
EndProject
Project("{2150E333-8FDC-42A3-9474-1A3956D46DE8}") = "tests", "tests", "{24D1A16B-58B8-42C9-9B8B-8E2F7AF02EE5}"
EndProject
Project("{FAE04EC0-301F-11D3-BF4B-00C04F79EFBC}") = "Ojala.Tests", "tests\Ojala.Tests\Ojala.Tests.csproj", "{507CF641-05D5-49EC-AEB5-A2CB6119E237}"
EndProject
Project("{FAE04EC0-301F-11D3-BF4B-00C04F79EFBC}") = "Ojala.Api.Tests", "src\backend\Ojala.Api.Tests\Ojala.Api.Tests.csproj", "{208B3B1C-7560-4268-BCB7-18E330D94FE9}"
EndProject
Global
	GlobalSection(SolutionConfigurationPlatforms) = preSolution
		Debug|Any CPU = Debug|Any CPU
		Debug|x64 = Debug|x64
		Debug|x86 = Debug|x86
		Release|Any CPU = Release|Any CPU
		Release|x64 = Release|x64
		Release|x86 = Release|x86
	EndGlobalSection
	GlobalSection(ProjectConfigurationPlatforms) = postSolution
		{A12E34BC-5678-1234-ABCD-7890EF123456}.Debug|Any CPU.ActiveCfg = Debug|Any CPU
		{A12E34BC-5678-1234-ABCD-7890EF123456}.Debug|Any CPU.Build.0 = Debug|Any CPU
		{A12E34BC-5678-1234-ABCD-7890EF123456}.Debug|x64.ActiveCfg = Debug|Any CPU
		{A12E34BC-5678-1234-ABCD-7890EF123456}.Debug|x64.Build.0 = Debug|Any CPU
		{A12E34BC-5678-1234-ABCD-7890EF123456}.Debug|x86.ActiveCfg = Debug|Any CPU
		{A12E34BC-5678-1234-ABCD-7890EF123456}.Debug|x86.Build.0 = Debug|Any CPU
		{A12E34BC-5678-1234-ABCD-7890EF123456}.Release|Any CPU.ActiveCfg = Release|Any CPU
		{A12E34BC-5678-1234-ABCD-7890EF123456}.Release|Any CPU.Build.0 = Release|Any CPU
		{A12E34BC-5678-1234-ABCD-7890EF123456}.Release|x64.ActiveCfg = Release|Any CPU
		{A12E34BC-5678-1234-ABCD-7890EF123456}.Release|x64.Build.0 = Release|Any CPU
		{A12E34BC-5678-1234-ABCD-7890EF123456}.Release|x86.ActiveCfg = Release|Any CPU
		{A12E34BC-5678-1234-ABCD-7890EF123456}.Release|x86.Build.0 = Release|Any CPU
		{B23F45CD-6789-2345-BCDE-8901FA234567}.Debug|Any CPU.ActiveCfg = Debug|Any CPU
		{B23F45CD-6789-2345-BCDE-8901FA234567}.Debug|Any CPU.Build.0 = Debug|Any CPU
		{B23F45CD-6789-2345-BCDE-8901FA234567}.Debug|x64.ActiveCfg = Debug|Any CPU
		{B23F45CD-6789-2345-BCDE-8901FA234567}.Debug|x64.Build.0 = Debug|Any CPU
		{B23F45CD-6789-2345-BCDE-8901FA234567}.Debug|x86.ActiveCfg = Debug|Any CPU
		{B23F45CD-6789-2345-BCDE-8901FA234567}.Debug|x86.Build.0 = Debug|Any CPU
		{B23F45CD-6789-2345-BCDE-8901FA234567}.Release|Any CPU.ActiveCfg = Release|Any CPU
		{B23F45CD-6789-2345-BCDE-8901FA234567}.Release|Any CPU.Build.0 = Release|Any CPU
		{B23F45CD-6789-2345-BCDE-8901FA234567}.Release|x64.ActiveCfg = Release|Any CPU
		{B23F45CD-6789-2345-BCDE-8901FA234567}.Release|x64.Build.0 = Release|Any CPU
		{B23F45CD-6789-2345-BCDE-8901FA234567}.Release|x86.ActiveCfg = Release|Any CPU
		{B23F45CD-6789-2345-BCDE-8901FA234567}.Release|x86.Build.0 = Release|Any CPU
		{44C5999F-B86D-4CEA-B2EE-A419F1E7534D}.Debug|Any CPU.ActiveCfg = Debug|Any CPU
		{44C5999F-B86D-4CEA-B2EE-A419F1E7534D}.Debug|Any CPU.Build.0 = Debug|Any CPU
		{44C5999F-B86D-4CEA-B2EE-A419F1E7534D}.Debug|x64.ActiveCfg = Debug|Any CPU
		{44C5999F-B86D-4CEA-B2EE-A419F1E7534D}.Debug|x64.Build.0 = Debug|Any CPU
		{44C5999F-B86D-4CEA-B2EE-A419F1E7534D}.Debug|x86.ActiveCfg = Debug|Any CPU
		{44C5999F-B86D-4CEA-B2EE-A419F1E7534D}.Debug|x86.Build.0 = Debug|Any CPU
		{44C5999F-B86D-4CEA-B2EE-A419F1E7534D}.Release|Any CPU.ActiveCfg = Release|Any CPU
		{44C5999F-B86D-4CEA-B2EE-A419F1E7534D}.Release|Any CPU.Build.0 = Release|Any CPU
		{44C5999F-B86D-4CEA-B2EE-A419F1E7534D}.Release|x64.ActiveCfg = Release|Any CPU
		{44C5999F-B86D-4CEA-B2EE-A419F1E7534D}.Release|x64.Build.0 = Release|Any CPU
		{44C5999F-B86D-4CEA-B2EE-A419F1E7534D}.Release|x86.ActiveCfg = Release|Any CPU
		{44C5999F-B86D-4CEA-B2EE-A419F1E7534D}.Release|x86.Build.0 = Release|Any CPU
		{D45A67EF-890A-3456-CDEF-0123FB345678}.Debug|Any CPU.ActiveCfg = Debug|Any CPU
		{D45A67EF-890A-3456-CDEF-0123FB345678}.Debug|Any CPU.Build.0 = Debug|Any CPU
		{D45A67EF-890A-3456-CDEF-0123FB345678}.Debug|x64.ActiveCfg = Debug|Any CPU
		{D45A67EF-890A-3456-CDEF-0123FB345678}.Debug|x64.Build.0 = Debug|Any CPU
		{D45A67EF-890A-3456-CDEF-0123FB345678}.Debug|x86.ActiveCfg = Debug|Any CPU
		{D45A67EF-890A-3456-CDEF-0123FB345678}.Debug|x86.Build.0 = Debug|Any CPU
		{D45A67EF-890A-3456-CDEF-0123FB345678}.Release|Any CPU.ActiveCfg = Release|Any CPU
		{D45A67EF-890A-3456-CDEF-0123FB345678}.Release|Any CPU.Build.0 = Release|Any CPU
		{D45A67EF-890A-3456-CDEF-0123FB345678}.Release|x64.ActiveCfg = Release|Any CPU
		{D45A67EF-890A-3456-CDEF-0123FB345678}.Release|x64.Build.0 = Release|Any CPU
		{D45A67EF-890A-3456-CDEF-0123FB345678}.Release|x86.ActiveCfg = Release|Any CPU
		{D45A67EF-890A-3456-CDEF-0123FB345678}.Release|x86.Build.0 = Release|Any CPU
		{166D2B1D-D940-44DF-ABC9-367ABFA903A9}.Debug|Any CPU.ActiveCfg = Debug|Any CPU
		{166D2B1D-D940-44DF-ABC9-367ABFA903A9}.Debug|Any CPU.Build.0 = Debug|Any CPU
		{166D2B1D-D940-44DF-ABC9-367ABFA903A9}.Debug|x64.ActiveCfg = Debug|Any CPU
		{166D2B1D-D940-44DF-ABC9-367ABFA903A9}.Debug|x64.Build.0 = Debug|Any CPU
		{166D2B1D-D940-44DF-ABC9-367ABFA903A9}.Debug|x86.ActiveCfg = Debug|Any CPU
		{166D2B1D-D940-44DF-ABC9-367ABFA903A9}.Debug|x86.Build.0 = Debug|Any CPU
		{166D2B1D-D940-44DF-ABC9-367ABFA903A9}.Release|Any CPU.ActiveCfg = Release|Any CPU
		{166D2B1D-D940-44DF-ABC9-367ABFA903A9}.Release|Any CPU.Build.0 = Release|Any CPU
		{166D2B1D-D940-44DF-ABC9-367ABFA903A9}.Release|x64.ActiveCfg = Release|Any CPU
		{166D2B1D-D940-44DF-ABC9-367ABFA903A9}.Release|x64.Build.0 = Release|Any CPU
		{166D2B1D-D940-44DF-ABC9-367ABFA903A9}.Release|x86.ActiveCfg = Release|Any CPU
		{166D2B1D-D940-44DF-ABC9-367ABFA903A9}.Release|x86.Build.0 = Release|Any CPU
		{507CF641-05D5-49EC-AEB5-A2CB6119E237}.Debug|Any CPU.ActiveCfg = Debug|Any CPU
		{507CF641-05D5-49EC-AEB5-A2CB6119E237}.Debug|Any CPU.Build.0 = Debug|Any CPU
		{507CF641-05D5-49EC-AEB5-A2CB6119E237}.Debug|x64.ActiveCfg = Debug|Any CPU
		{507CF641-05D5-49EC-AEB5-A2CB6119E237}.Debug|x64.Build.0 = Debug|Any CPU
		{507CF641-05D5-49EC-AEB5-A2CB6119E237}.Debug|x86.ActiveCfg = Debug|Any CPU
		{507CF641-05D5-49EC-AEB5-A2CB6119E237}.Debug|x86.Build.0 = Debug|Any CPU
		{507CF641-05D5-49EC-AEB5-A2CB6119E237}.Release|Any CPU.ActiveCfg = Release|Any CPU
		{507CF641-05D5-49EC-AEB5-A2CB6119E237}.Release|Any CPU.Build.0 = Release|Any CPU
		{507CF641-05D5-49EC-AEB5-A2CB6119E237}.Release|x64.ActiveCfg = Release|Any CPU
		{507CF641-05D5-49EC-AEB5-A2CB6119E237}.Release|x64.Build.0 = Release|Any CPU
		{507CF641-05D5-49EC-AEB5-A2CB6119E237}.Release|x86.ActiveCfg = Release|Any CPU
		{507CF641-05D5-49EC-AEB5-A2CB6119E237}.Release|x86.Build.0 = Release|Any CPU
		{208B3B1C-7560-4268-BCB7-18E330D94FE9}.Debug|Any CPU.ActiveCfg = Debug|Any CPU
		{208B3B1C-7560-4268-BCB7-18E330D94FE9}.Debug|Any CPU.Build.0 = Debug|Any CPU
		{208B3B1C-7560-4268-BCB7-18E330D94FE9}.Debug|x64.ActiveCfg = Debug|Any CPU
		{208B3B1C-7560-4268-BCB7-18E330D94FE9}.Debug|x64.Build.0 = Debug|Any CPU
		{208B3B1C-7560-4268-BCB7-18E330D94FE9}.Debug|x86.ActiveCfg = Debug|Any CPU
		{208B3B1C-7560-4268-BCB7-18E330D94FE9}.Debug|x86.Build.0 = Debug|Any CPU
		{208B3B1C-7560-4268-BCB7-18E330D94FE9}.Release|Any CPU.ActiveCfg = Release|Any CPU
		{208B3B1C-7560-4268-BCB7-18E330D94FE9}.Release|Any CPU.Build.0 = Release|Any CPU
		{208B3B1C-7560-4268-BCB7-18E330D94FE9}.Release|x64.ActiveCfg = Release|Any CPU
		{208B3B1C-7560-4268-BCB7-18E330D94FE9}.Release|x64.Build.0 = Release|Any CPU
		{208B3B1C-7560-4268-BCB7-18E330D94FE9}.Release|x86.ActiveCfg = Release|Any CPU
		{208B3B1C-7560-4268-BCB7-18E330D94FE9}.Release|x86.Build.0 = Release|Any CPU
	EndGlobalSection
	GlobalSection(SolutionProperties) = preSolution
		HideSolutionNode = FALSE
	EndGlobalSection
	GlobalSection(NestedProjects) = preSolution
		{FE360695-3F2B-1049-3887-35FBB5135923} = {827E0CD3-B72D-47B6-A68D-7590B98EB39B}
		{A12E34BC-5678-1234-ABCD-7890EF123456} = {FE360695-3F2B-1049-3887-35FBB5135923}
		{B23F45CD-6789-2345-BCDE-8901FA234567} = {FE360695-3F2B-1049-3887-35FBB5135923}
		{44C5999F-B86D-4CEA-B2EE-A419F1E7534D} = {FE360695-3F2B-1049-3887-35FBB5135923}
		{D45A67EF-890A-3456-CDEF-0123FB345678} = {FE360695-3F2B-1049-3887-35FBB5135923}
		{166D2B1D-D940-44DF-ABC9-367ABFA903A9} = {FE360695-3F2B-1049-3887-35FBB5135923}
		{507CF641-05D5-49EC-AEB5-A2CB6119E237} = {24D1A16B-58B8-42C9-9B8B-8E2F7AF02EE5}
		{208B3B1C-7560-4268-BCB7-18E330D94FE9} = {FE360695-3F2B-1049-3887-35FBB5135923}
	EndGlobalSection
EndGlobal
